
Microsoft Visual Studio Solution File, Format Version 12.00
# Visual Studio Version 17
VisualStudioVersion = 17.3.32922.545
MinimumVisualStudioVersion = 10.0.40219.1
Project("{FAE04EC0-301F-11D3-BF4B-00C04F79EFBC}") = "GpxParser", "GpxParser\GpxParser.csproj", "{0A69C074-613F-4A16-A436-073B09D28369}"
EndProject
Project("{9A19103F-16F7-4668-BE54-9A1E7A4F7556}") = "GpxParserUnitTests", "GpxParserUnitTests\GpxParserUnitTests.csproj", "{7375AEDB-72CB-4083-9747-D2904F7AD702}"
EndProject
Project("{2150E333-8FDC-42A3-9474-1A3956D46DE8}") = "Solution Items", "Solution Items", "{A56EEA5D-744B-40C8-AA3E-2F376818AF89}"
	ProjectSection(SolutionItems) = preProject
		.editorconfig = .editorconfig
	EndProjectSection
EndProject
Global
	GlobalSection(SolutionConfigurationPlatforms) = preSolution
		Debug|Any CPU = Debug|Any CPU
		Release|Any CPU = Release|Any CPU
	EndGlobalSection
	GlobalSection(ProjectConfigurationPlatforms) = postSolution
		{0A69C074-613F-4A16-A436-073B09D28369}.Debug|Any CPU.ActiveCfg = Debug|Any CPU
		{0A69C074-613F-4A16-A436-073B09D28369}.Debug|Any CPU.Build.0 = Debug|Any CPU
		{0A69C074-613F-4A16-A436-073B09D28369}.Release|Any CPU.ActiveCfg = Release|Any CPU
		{0A69C074-613F-4A16-A436-073B09D28369}.Release|Any CPU.Build.0 = Release|Any CPU
		{7375AEDB-72CB-4083-9747-D2904F7AD702}.Debug|Any CPU.ActiveCfg = Debug|Any CPU
		{7375AEDB-72CB-4083-9747-D2904F7AD702}.Debug|Any CPU.Build.0 = Debug|Any CPU
		{7375AEDB-72CB-4083-9747-D2904F7AD702}.Release|Any CPU.ActiveCfg = Release|Any CPU
		{7375AEDB-72CB-4083-9747-D2904F7AD702}.Release|Any CPU.Build.0 = Release|Any CPU
	EndGlobalSection
	GlobalSection(SolutionProperties) = preSolution
		HideSolutionNode = FALSE
	EndGlobalSection
	GlobalSection(ExtensibilityGlobals) = postSolution
		SolutionGuid = {FA0D9D1E-C4C9-4199-BC01-9D6ACB9F1032}
	EndGlobalSection
EndGlobal
